
Microsoft Visual Studio Solution File, Format Version 12.00
# Visual Studio Version 17
VisualStudioVersion = 17.7.34024.191
MinimumVisualStudioVersion = 10.0.40219.1
Project("{FAE04EC0-301F-11D3-BF4B-00C04F79EFBC}") = "Programming Lab 3 - HashTable", "Programming Lab 3 - HashTable\Programming Lab 3 - HashTable.csproj", "{D086BC10-B6D2-4D79-A4AD-3A375DA972A7}"
EndProject
Global
	GlobalSection(SolutionConfigurationPlatforms) = preSolution
		Debug|Any CPU = Debug|Any CPU
		Release|Any CPU = Release|Any CPU
	EndGlobalSection
	GlobalSection(ProjectConfigurationPlatforms) = postSolution
		{D086BC10-B6D2-4D79-A4AD-3A375DA972A7}.Debug|Any CPU.ActiveCfg = Debug|Any CPU
		{D086BC10-B6D2-4D79-A4AD-3A375DA972A7}.Debug|Any CPU.Build.0 = Debug|Any CPU
		{D086BC10-B6D2-4D79-A4AD-3A375DA972A7}.Release|Any CPU.ActiveCfg = Release|Any CPU
		{D086BC10-B6D2-4D79-A4AD-3A375DA972A7}.Release|Any CPU.Build.0 = Release|Any CPU
	EndGlobalSection
	GlobalSection(SolutionProperties) = preSolution
		HideSolutionNode = FALSE
	EndGlobalSection
	GlobalSection(ExtensibilityGlobals) = postSolution
		SolutionGuid = {58215A8D-A936-4DE0-9465-8B1F32EDD8CC}
	EndGlobalSection
EndGlobal
